
Microsoft Visual Studio Solution File, Format Version 12.00
# Visual Studio Version 16
VisualStudioVersion = 16.0.32228.343
MinimumVisualStudioVersion = 10.0.40219.1
Project("{FAE04EC0-301F-11D3-BF4B-00C04F79EFBC}") = "bookstore", "bookstore\bookstore.csproj", "{C2434B95-1E62-4905-A885-C475DC0F6604}"
EndProject
Global
	GlobalSection(SolutionConfigurationPlatforms) = preSolution
		Debug|Any CPU = Debug|Any CPU
		Release|Any CPU = Release|Any CPU
	EndGlobalSection
	GlobalSection(ProjectConfigurationPlatforms) = postSolution
		{C2434B95-1E62-4905-A885-C475DC0F6604}.Debug|Any CPU.ActiveCfg = Debug|Any CPU
		{C2434B95-1E62-4905-A885-C475DC0F6604}.Debug|Any CPU.Build.0 = Debug|Any CPU
		{C2434B95-1E62-4905-A885-C475DC0F6604}.Release|Any CPU.ActiveCfg = Release|Any CPU
		{C2434B95-1E62-4905-A885-C475DC0F6604}.Release|Any CPU.Build.0 = Release|Any CPU
	EndGlobalSection
	GlobalSection(SolutionProperties) = preSolution
		HideSolutionNode = FALSE
	EndGlobalSection
	GlobalSection(ExtensibilityGlobals) = postSolution
		SolutionGuid = {0594C89C-F2C8-40AD-9DAA-A8AE77042B8A}
	EndGlobalSection
EndGlobal
